Microsoft Visual Studio Solution File, Format Version 12.00
# Visual Studio Version 17
VisualStudioVersion = 17.0.31903.59
MinimumVisualStudioVersion = 10.0.40219.1
Project("{FAE04EC0-301F-11D3-BF4B-00C04F79EFBC}") = "Warehouse.Api", "backend\src\Warehouse.Api\Warehouse.Api.csproj", "{7D2AB851-61C3-4EF4-9B9A-C1E0B7B8F001}"
EndProject
Project("{FAE04EC0-301F-11D3-BF4B-00C04F79EFBC}") = "Warehouse.Web", "frontend\Warehouse.Web\Warehouse.Web.csproj", "{7D2AB851-61C3-4EF4-9B9A-C1E0B7B8F006}"
EndProject
Global
	GlobalSection(SolutionConfigurationPlatforms) = preSolution
		Debug|Any CPU = Debug|Any CPU
		Release|Any CPU = Release|Any CPU
	EndGlobalSection
	GlobalSection(ProjectConfigurationPlatforms) = postSolution
		{7D2AB851-61C3-4EF4-9B9A-C1E0B7B8F001}.Debug|Any CPU.ActiveCfg = Debug|Any CPU
		{7D2AB851-61C3-4EF4-9B9A-C1E0B7B8F001}.Debug|Any CPU.Build.0 = Debug|Any CPU
		{7D2AB851-61C3-4EF4-9B9A-C1E0B7B8F001}.Release|Any CPU.ActiveCfg = Release|Any CPU
		{7D2AB851-61C3-4EF4-9B9A-C1E0B7B8F001}.Release|Any CPU.Build.0 = Release|Any CPU
		{7D2AB851-61C3-4EF4-9B9A-C1E0B7B8F006}.Debug|Any CPU.ActiveCfg = Debug|Any CPU
		{7D2AB851-61C3-4EF4-9B9A-C1E0B7B8F006}.Debug|Any CPU.Build.0 = Debug|Any CPU
		{7D2AB851-61C3-4EF4-9B9A-C1E0B7B8F006}.Release|Any CPU.ActiveCfg = Release|Any CPU
		{7D2AB851-61C3-4EF4-9B9A-C1E0B7B8F006}.Release|Any CPU.Build.0 = Release|Any CPU
	EndGlobalSection
	GlobalSection(SolutionProperties) = preSolution
		HideSolutionNode = FALSE
	EndGlobalSection
EndGlobal
